
Microsoft Visual Studio Solution File, Format Version 12.00
# Visual Studio Version 16
VisualStudioVersion = 16.0.32126.315
MinimumVisualStudioVersion = 10.0.40219.1
Project("{9A19103F-16F7-4668-BE54-9A1E7A4F7556}") = "course", "course\course.csproj", "{916FDCF9-CFCD-40F1-A4AC-83106248C3B1}"
EndProject
Project("{9A19103F-16F7-4668-BE54-9A1E7A4F7556}") = "CourseDataAccess", "CourseDataAccess\CourseDataAccess.csproj", "{B9D34759-ED6B-4604-AD69-E387C4D80192}"
EndProject
Project("{9A19103F-16F7-4668-BE54-9A1E7A4F7556}") = "CouseCommon", "CouseCommon\CouseCommon.csproj", "{D5049EB9-9B2B-425A-8473-8311E1D3AAC9}"
EndProject
Project("{9A19103F-16F7-4668-BE54-9A1E7A4F7556}") = "CourseModels", "CourseModels\CourseModels.csproj", "{2D0DA495-C2B5-43FF-BB60-743E4CB19E60}"
EndProject
Project("{9A19103F-16F7-4668-BE54-9A1E7A4F7556}") = "CourseBusnies", "CourseBusnies\CourseBusnies.csproj", "{3CA33386-5F85-4FD7-A629-9DDEE68EDDE7}"
EndProject
Global
	GlobalSection(SolutionConfigurationPlatforms) = preSolution
		Debug|Any CPU = Debug|Any CPU
		Release|Any CPU = Release|Any CPU
	EndGlobalSection
	GlobalSection(ProjectConfigurationPlatforms) = postSolution
		{916FDCF9-CFCD-40F1-A4AC-83106248C3B1}.Debug|Any CPU.ActiveCfg = Debug|Any CPU
		{916FDCF9-CFCD-40F1-A4AC-83106248C3B1}.Debug|Any CPU.Build.0 = Debug|Any CPU
		{916FDCF9-CFCD-40F1-A4AC-83106248C3B1}.Release|Any CPU.ActiveCfg = Release|Any CPU
		{916FDCF9-CFCD-40F1-A4AC-83106248C3B1}.Release|Any CPU.Build.0 = Release|Any CPU
		{B9D34759-ED6B-4604-AD69-E387C4D80192}.Debug|Any CPU.ActiveCfg = Debug|Any CPU
		{B9D34759-ED6B-4604-AD69-E387C4D80192}.Debug|Any CPU.Build.0 = Debug|Any CPU
		{B9D34759-ED6B-4604-AD69-E387C4D80192}.Release|Any CPU.ActiveCfg = Release|Any CPU
		{B9D34759-ED6B-4604-AD69-E387C4D80192}.Release|Any CPU.Build.0 = Release|Any CPU
		{D5049EB9-9B2B-425A-8473-8311E1D3AAC9}.Debug|Any CPU.ActiveCfg = Debug|Any CPU
		{D5049EB9-9B2B-425A-8473-8311E1D3AAC9}.Debug|Any CPU.Build.0 = Debug|Any CPU
		{D5049EB9-9B2B-425A-8473-8311E1D3AAC9}.Release|Any CPU.ActiveCfg = Release|Any CPU
		{D5049EB9-9B2B-425A-8473-8311E1D3AAC9}.Release|Any CPU.Build.0 = Release|Any CPU
		{2D0DA495-C2B5-43FF-BB60-743E4CB19E60}.Debug|Any CPU.ActiveCfg = Debug|Any CPU
		{2D0DA495-C2B5-43FF-BB60-743E4CB19E60}.Debug|Any CPU.Build.0 = Debug|Any CPU
		{2D0DA495-C2B5-43FF-BB60-743E4CB19E60}.Release|Any CPU.ActiveCfg = Release|Any CPU
		{2D0DA495-C2B5-43FF-BB60-743E4CB19E60}.Release|Any CPU.Build.0 = Release|Any CPU
		{3CA33386-5F85-4FD7-A629-9DDEE68EDDE7}.Debug|Any CPU.ActiveCfg = Debug|Any CPU
		{3CA33386-5F85-4FD7-A629-9DDEE68EDDE7}.Debug|Any CPU.Build.0 = Debug|Any CPU
		{3CA33386-5F85-4FD7-A629-9DDEE68EDDE7}.Release|Any CPU.ActiveCfg = Release|Any CPU
		{3CA33386-5F85-4FD7-A629-9DDEE68EDDE7}.Release|Any CPU.Build.0 = Release|Any CPU
	EndGlobalSection
	GlobalSection(SolutionProperties) = preSolution
		HideSolutionNode = FALSE
	EndGlobalSection
	GlobalSection(ExtensibilityGlobals) = postSolution
		SolutionGuid = {A684343E-70C8-4BA6-96C1-85B40744503D}
	EndGlobalSection
EndGlobal
